
Microsoft Visual Studio Solution File, Format Version 12.00
# Visual Studio Version 16
VisualStudioVersion = 16.0.29728.190
MinimumVisualStudioVersion = 10.0.40219.1
Project("{FAE04EC0-301F-11D3-BF4B-00C04F79EFBC}") = "01_DependencyInjection", "01_DependencyInjection\01_DependencyInjection.csproj", "{D2716238-8A39-440B-96D5-292109E82485}"
EndProject
Project("{FAE04EC0-301F-11D3-BF4B-00C04F79EFBC}") = "02_Logging", "02_Logging\02_Logging.csproj", "{062FC177-1B07-4AFE-97BD-C989B4752BF8}"
EndProject
Global
	GlobalSection(SolutionConfigurationPlatforms) = preSolution
		Debug|Any CPU = Debug|Any CPU
		Release|Any CPU = Release|Any CPU
	EndGlobalSection
	GlobalSection(ProjectConfigurationPlatforms) = postSolution
		{D2716238-8A39-440B-96D5-292109E82485}.Debug|Any CPU.ActiveCfg = Debug|Any CPU
		{D2716238-8A39-440B-96D5-292109E82485}.Debug|Any CPU.Build.0 = Debug|Any CPU
		{D2716238-8A39-440B-96D5-292109E82485}.Release|Any CPU.ActiveCfg = Release|Any CPU
		{D2716238-8A39-440B-96D5-292109E82485}.Release|Any CPU.Build.0 = Release|Any CPU
		{062FC177-1B07-4AFE-97BD-C989B4752BF8}.Debug|Any CPU.ActiveCfg = Debug|Any CPU
		{062FC177-1B07-4AFE-97BD-C989B4752BF8}.Debug|Any CPU.Build.0 = Debug|Any CPU
		{062FC177-1B07-4AFE-97BD-C989B4752BF8}.Release|Any CPU.ActiveCfg = Release|Any CPU
		{062FC177-1B07-4AFE-97BD-C989B4752BF8}.Release|Any CPU.Build.0 = Release|Any CPU
	EndGlobalSection
	GlobalSection(SolutionProperties) = preSolution
		HideSolutionNode = FALSE
	EndGlobalSection
	GlobalSection(ExtensibilityGlobals) = postSolution
		SolutionGuid = {D8D9928A-9954-422B-B844-41E667968C20}
	EndGlobalSection
EndGlobal
